// !$*UTF8*$!
{
	archiveVersion = 1;
	classes = {
	};
	objectVersion = 46;
	objects = {

/* Begin PBXBuildFile section */
		5631CA7E1C195F2400FA07DA /* CrosshairView.swift in Sources */ = {isa = PBXBuildFile; fileRef = 5631CA7D1C195F2400FA07DA /* CrosshairView.swift */; };
		565B4BFA1C183EDB00FB2921 /* AppDelegate.swift in Sources */ = {isa = PBXBuildFile; fileRef = 565B4BF91C183EDB00FB2921 /* AppDelegate.swift */; };
		565B4BFC1C183EDB00FB2921 /* ViewController.swift in Sources */ = {isa = PBXBuildFile; fileRef = 565B4BFB1C183EDB00FB2921 /* ViewController.swift */; };
		565B4BFE1C183EDB00FB2921 /* Assets.xcassets in Resources */ = {isa = PBXBuildFile; fileRef = 565B4BFD1C183EDB00FB2921 /* Assets.xcassets */; };
		565B4C011C183EDB00FB2921 /* Main.storyboard in Resources */ = {isa = PBXBuildFile; fileRef = 565B4BFF1C183EDB00FB2921 /* Main.storyboard */; };
		565B4C091C1865ED00FB2921 /* DirectoryMonitor.swift in Sources */ = {isa = PBXBuildFile; fileRef = 565B4C081C1865ED00FB2921 /* DirectoryMonitor.swift */; };
		565B4C0B1C186B3600FB2921 /* FileItem.swift in Sources */ = {isa = PBXBuildFile; fileRef = 565B4C0A1C186B3600FB2921 /* FileItem.swift */; };
/* End PBXBuildFile section */

/* Begin PBXFileReference section */
		5631CA7D1C195F2400FA07DA /* CrosshairView.swift */ = {isa = PBXFileReference; fileEncoding = 4; lastKnownFileType = sourcecode.swift; path = CrosshairView.swift; sourceTree = "<group>"; };
		565B4BF61C183EDB00FB2921 /* PixelPerfect.app */ = {isa = PBXFileReference; explicitFileType = wrapper.application; includeInIndex = 0; path = PixelPerfect.app; sourceTree = BUILT_PRODUCTS_DIR; };
		565B4BF91C183EDB00FB2921 /* AppDelegate.swift */ = {isa = PBXFileReference; lastKnownFileType = sourcecode.swift; path = AppDelegate.swift; sourceTree = "<group>"; };
		565B4BFB1C183EDB00FB2921 /* ViewController.swift */ = {isa = PBXFileReference; lastKnownFileType = sourcecode.swift; path = ViewController.swift; sourceTree = "<group>"; };
		565B4BFD1C183EDB00FB2921 /* Assets.xcassets */ = {isa = PBXFileReference; lastKnownFileType = folder.assetcatalog; path = Assets.xcassets; sourceTree = "<group>"; };
		565B4C001C183EDB00FB2921 /* Base */ = {isa = PBXFileReference; lastKnownFileType = file.storyboard; name = Base; path = Base.lproj/Main.storyboard; sourceTree = "<group>"; };
		565B4C021C183EDB00FB2921 /* Info.plist */ = {isa = PBXFileReference; lastKnownFileType = text.plist.xml; path = Info.plist; sourceTree = "<group>"; };
		565B4C081C1865ED00FB2921 /* DirectoryMonitor.swift */ = {isa = PBXFileReference; fileEncoding = 4; lastKnownFileType = sourcecode.swift; path = DirectoryMonitor.swift; sourceTree = "<group>"; };
		565B4C0A1C186B3600FB2921 /* FileItem.swift */ = {isa = PBXFileReference; fileEncoding = 4; lastKnownFileType = sourcecode.swift; path = FileItem.swift; sourceTree = "<group>"; };
/* End PBXFileReference section */

/* Begin PBXFrameworksBuildPhase section */
		565B4BF31C183EDB00FB2921 /* Frameworks */ = {
			isa = PBXFrameworksBuildPhase;
			buildActionMask = 2147483647;
			files = (
			);
			runOnlyForDeploymentPostprocessing = 0;
		};
/* End PBXFrameworksBuildPhase section */

/* Begin PBXGroup section */
		565B4BED1C183EDB00FB2921 = {
			isa = PBXGroup;
			children = (
				565B4BF81C183EDB00FB2921 /* PixelPerfect */,
				565B4BF71C183EDB00FB2921 /* Products */,
			);
			sourceTree = "<group>";
		};
		565B4BF71C183EDB00FB2921 /* Products */ = {
			isa = PBXGroup;
			children = (
				565B4BF61C183EDB00FB2921 /* PixelPerfect.app */,
			);
			name = Products;
			sourceTree = "<group>";
		};
		565B4BF81C183EDB00FB2921 /* PixelPerfect */ = {
			isa = PBXGroup;
			children = (
				565B4BF91C183EDB00FB2921 /* AppDelegate.swift */,
				565B4BFB1C183EDB00FB2921 /* ViewController.swift */,
				565B4BFD1C183EDB00FB2921 /* Assets.xcassets */,
				565B4BFF1C183EDB00FB2921 /* Main.storyboard */,
				565B4C021C183EDB00FB2921 /* Info.plist */,
				565B4C081C1865ED00FB2921 /* DirectoryMonitor.swift */,
				565B4C0A1C186B3600FB2921 /* FileItem.swift */,
				5631CA7D1C195F2400FA07DA /* CrosshairView.swift */,
			);
			path = PixelPerfect;
			sourceTree = "<group>";
		};
/* End PBXGroup section */

/* Begin PBXNativeTarget section */
		565B4BF51C183EDB00FB2921 /* PixelPerfect */ = {
			isa = PBXNativeTarget;
			buildConfigurationList = 565B4C051C183EDB00FB2921 /* Build configuration list for PBXNativeTarget "PixelPerfect" */;
			buildPhases = (
				565B4BF21C183EDB00FB2921 /* Sources */,
				565B4BF31C183EDB00FB2921 /* Frameworks */,
				565B4BF41C183EDB00FB2921 /* Resources */,
			);
			buildRules = (
			);
			dependencies = (
			);
			name = PixelPerfect;
			productName = PixelPerfect;
			productReference = 565B4BF61C183EDB00FB2921 /* PixelPerfect.app */;
			productType = "com.apple.product-type.application";
		};
/* End PBXNativeTarget section */

/* Begin PBXProject section */
		565B4BEE1C183EDB00FB2921 /* Project object */ = {
			isa = PBXProject;
			attributes = {
				LastSwiftUpdateCheck = 0720;
				LastUpgradeCheck = 0800;
				ORGANIZATIONNAME = "Dmitry Matyushkin";
				TargetAttributes = {
					565B4BF51C183EDB00FB2921 = {
						CreatedOnToolsVersion = 7.2;
						LastSwiftMigration = 1000;
					};
				};
			};
			buildConfigurationList = 565B4BF11C183EDB00FB2921 /* Build configuration list for PBXProject "PixelPerfect" */;
			compatibilityVersion = "Xcode 3.2";
			developmentRegion = English;
			hasScannedForEncodings = 0;
			knownRegions = (
				en,
				Base,
			);
			mainGroup = 565B4BED1C183EDB00FB2921;
			productRefGroup = 565B4BF71C183EDB00FB2921 /* Products */;
			projectDirPath = "";
			projectRoot = "";
			targets = (
				565B4BF51C183EDB00FB2921 /* PixelPerfect */,
			);
		};
/* End PBXProject section */

/* Begin PBXResourcesBuildPhase section */
		565B4BF41C183EDB00FB2921 /* Resources */ = {
			isa = PBXResourcesBuildPhase;
			buildActionMask = 2147483647;
			files = (
				565B4BFE1C183EDB00FB2921 /* Assets.xcassets in Resources */,
				565B4C011C183EDB00FB2921 /* Main.storyboard in Resources */,
			);
			runOnlyForDeploymentPostprocessing = 0;
		};
/* End PBXResourcesBuildPhase section */

/* Begin PBXSourcesBuildPhase section */
		565B4BF21C183EDB00FB2921 /* Sources */ = {
			isa = PBXSourcesBuildPhase;
			buildActionMask = 2147483647;
			files = (
				565B4C0B1C186B3600FB2921 /* FileItem.swift in Sources */,
				565B4BFC1C183EDB00FB2921 /* ViewController.swift in Sources */,
				565B4C091C1865ED00FB2921 /* DirectoryMonitor.swift in Sources */,
				5631CA7E1C195F2400FA07DA /* CrosshairView.swift in Sources */,
				565B4BFA1C183EDB00FB2921 /* AppDelegate.swift in Sources */,
			);
			runOnlyForDeploymentPostprocessing = 0;
		};
/* End PBXSourcesBuildPhase section */

/* Begin PBXVariantGroup section */
		565B4BFF1C183EDB00FB2921 /* Main.storyboard */ = {
			isa = PBXVariantGroup;
			children = (
				565B4C001C183EDB00FB2921 /* Base */,
			);
			name = Main.storyboard;
			sourceTree = "<group>";
		};
/* End PBXVariantGroup section */

/* Begin XCBuildConfiguration section */
		565B4C031C183EDB00FB2921 /* Debug */ = {
			isa = XCBuildConfiguration;
			buildSettings = {
				ALWAYS_SEARCH_USER_PATHS = NO;
				CLANG_CXX_LANGUAGE_STANDARD = "gnu++0x";
				CLANG_CXX_LIBRARY = "libc++";
				CLANG_ENABLE_MODULES = YES;
				CLANG_ENABLE_OBJC_ARC = YES;
				CLANG_WARN_BOOL_CONVERSION = YES;
				CLANG_WARN_CONSTANT_CONVERSION = YES;
				CLANG_WARN_DIRECT_OBJC_ISA_USAGE = YES_ERROR;
				CLANG_WARN_EMPTY_BODY = YES;
				CLANG_WARN_ENUM_CONVERSION = YES;
				CLANG_WARN_INFINITE_RECURSION = YES;
				CLANG_WARN_INT_CONVERSION = YES;
				CLANG_WARN_OBJC_ROOT_CLASS = YES_ERROR;
				CLANG_WARN_SUSPICIOUS_MOVE = YES;
				CLANG_WARN_UNREACHABLE_CODE = YES;
				CLANG_WARN__DUPLICATE_METHOD_MATCH = YES;
				CODE_SIGN_IDENTITY = "-";
				COPY_PHASE_STRIP = NO;
				DEBUG_INFORMATION_FORMAT = dwarf;
				ENABLE_STRICT_OBJC_MSGSEND = YES;
				ENABLE_TESTABILITY = YES;
				GCC_C_LANGUAGE_STANDARD = gnu99;
				GCC_DYNAMIC_NO_PIC = NO;
				GCC_NO_COMMON_BLOCKS = YES;
				GCC_OPTIMIZATION_LEVEL = 0;
				GCC_PREPROCESSOR_DEFINITIONS = (
					"DEBUG=1",
					"$(inherited)",
				);
				GCC_WARN_64_TO_32_BIT_CONVERSION = YES;
				GCC_WARN_ABOUT_RETURN_TYPE = YES_ERROR;
				GCC_WARN_UNDECLARED_SELECTOR = YES;
				GCC_WARN_UNINITIALIZED_AUTOS = YES_AGGRESSIVE;
				GCC_WARN_UNUSED_FUNCTION = YES;
				GCC_WARN_UNUSED_VARIABLE = YES;
				MACOSX_DEPLOYMENT_TARGET = 10.11;
				MTL_ENABLE_DEBUG_INFO = YES;
				ONLY_ACTIVE_ARCH = YES;
				SDKROOT = macosx;
				SWIFT_OPTIMIZATION_LEVEL = "-Onone";
			};
			name = Debug;
		};
		565B4C041C183EDB00FB2921 /* Release */ = {
			isa = XCBuildConfiguration;
			buildSettings = {
				ALWAYS_SEARCH_USER_PATHS = NO;
				CLANG_CXX_LANGUAGE_STANDARD = "gnu++0x";
				CLANG_CXX_LIBRARY = "libc++";
				CLANG_ENABLE_MODULES = YES;
				CLANG_ENABLE_OBJC_ARC = YES;
				CLANG_WARN_BOOL_CONVERSION = YES;
				CLANG_WARN_CONSTANT_CONVERSION = YES;
				CLANG_WARN_DIRECT_OBJC_ISA_USAGE = YES_ERROR;
				CLANG_WARN_EMPTY_BODY = YES;
				CLANG_WARN_ENUM_CONVERSION = YES;
				CLANG_WARN_INFINITE_RECURSION = YES;
				CLANG_WARN_INT_CONVERSION = YES;
				CLANG_WARN_OBJC_ROOT_CLASS = YES_ERROR;
				CLANG_WARN_SUSPICIOUS_MOVE = YES;
				CLANG_WARN_UNREACHABLE_CODE = YES;
				CLANG_WARN__DUPLICATE_METHOD_MATCH = YES;
				CODE_SIGN_IDENTITY = "-";
				COPY_PHASE_STRIP = NO;
				DEBUG_INFORMATION_FORMAT = "dwarf-with-dsym";
				ENABLE_NS_ASSERTIONS = NO;
				ENABLE_STRICT_OBJC_MSGSEND = YES;
				GCC_C_LANGUAGE_STANDARD = gnu99;
				GCC_NO_COMMON_BLOCKS = YES;
				GCC_WARN_64_TO_32_BIT_CONVERSION = YES;
				GCC_WARN_ABOUT_RETURN_TYPE = YES_ERROR;
				GCC_WARN_UNDECLARED_SELECTOR = YES;
				GCC_WARN_UNINITIALIZED_AUTOS = YES_AGGRESSIVE;
				GCC_WARN_UNUSED_FUNCTION = YES;
				GCC_WARN_UNUSED_VARIABLE = YES;
				MACOSX_DEPLOYMENT_TARGET = 10.11;
				MTL_ENABLE_DEBUG_INFO = NO;
				SDKROOT = macosx;
				SWIFT_OPTIMIZATION_LEVEL = "-Owholemodule";
			};
			name = Release;
		};
		565B4C061C183EDB00FB2921 /* Debug */ = {
			isa = XCBuildConfiguration;
			buildSettings = {
				ASSETCATALOG_COMPILER_APPICON_NAME = AppIcon;
				COMBINE_HIDPI_IMAGES = YES;
				INFOPLIST_FILE = PixelPerfect/Info.plist;
				LD_RUNPATH_SEARCH_PATHS = "$(inherited) @executable_path/../Frameworks";
				PRODUCT_BUNDLE_IDENTIFIER = org.mdd.PixelPerfect;
				PRODUCT_NAME = "$(TARGET_NAME)";
				SWIFT_SWIFT3_OBJC_INFERENCE = On;
				SWIFT_VERSION = 4.2;
			};
			name = Debug;
		};
		565B4C071C183EDB00FB2921 /* Release */ = {
			isa = XCBuildConfiguration;
			buildSettings = {
				ASSETCATALOG_COMPILER_APPICON_NAME = AppIcon;
				COMBINE_HIDPI_IMAGES = YES;
				INFOPLIST_FILE = PixelPerfect/Info.plist;
				LD_RUNPATH_SEARCH_PATHS = "$(inherited) @executable_path/../Frameworks";
				PRODUCT_BUNDLE_IDENTIFIER = org.mdd.PixelPerfect;
				PRODUCT_NAME = "$(TARGET_NAME)";
				SWIFT_SWIFT3_OBJC_INFERENCE = On;
				SWIFT_VERSION = 4.2;
			};
			name = Release;
		};
/* End XCBuildConfiguration section */

/* Begin XCConfigurationList section */
		565B4BF11C183EDB00FB2921 /* Build configuration list for PBXProject "PixelPerfect" */ = {
			isa = XCConfigurationList;
			buildConfigurations = (
				565B4C031C183EDB00FB2921 /* Debug */,
				565B4C041C183EDB00FB2921 /* Release */,
			);
			defaultConfigurationIsVisible = 0;
			defaultConfigurationName = Release;
		};
		565B4C051C183EDB00FB2921 /* Build configuration list for PBXNativeTarget "PixelPerfect" */ = {
			isa = XCConfigurationList;
			buildConfigurations = (
				565B4C061C183EDB00FB2921 /* Debug */,
				565B4C071C183EDB00FB2921 /* Release */,
			);
			defaultConfigurationIsVisible = 0;
			defaultConfigurationName = Release;
		};
/* End XCConfigurationList section */
	};
	rootObject = 565B4BEE1C183EDB00FB2921 /* Project object */;
}
